<Solution>
  <Folder Name="/Solution Items/">
    <File Path=".github/workflows/dotnet-desktop.yml" />
    <File Path=".gitignore" />
    <File Path="LICENSE.txt" />
    <File Path="README.md" />
  </Folder>
  <Project Path="CargoWiseReplicationAPIInterface.Database.Tests/CargoWiseReplicationAPIInterface.Database.Tests.csproj" Id="8a4e2443-159e-42fa-b2fe-f8f860181b7f" />
  <Project Path="CargoWiseReplicationAPIInterface.Database/CargoWiseReplicationAPIInterface.Database.csproj" Id="97651409-7c74-40e6-bf31-69b3d7f4a352" />
  <Project Path="CargoWiseReplicationAPIInterface.Tests/CargoWiseReplicationAPIInterface.Tests.csproj" />
  <Project Path="CargoWiseReplicationAPIInterface/CargoWiseReplicationAPIInterface.csproj" />
</Solution>
